
Microsoft Visual Studio Solution File, Format Version 12.00
# Visual Studio Version 17
VisualStudioVersion = 17.6.33723.286
MinimumVisualStudioVersion = 10.0.40219.1
Project("{FAE04EC0-301F-11D3-BF4B-00C04F79EFBC}") = "IPL", "IPL.csproj", "{61DCC5D9-F209-44C9-8CED-9EAA8718F04F}"
EndProject
Global
	GlobalSection(SolutionConfigurationPlatforms) = preSolution
		Debug|Any CPU = Debug|Any CPU
		Release|Any CPU = Release|Any CPU
	EndGlobalSection
	GlobalSection(ProjectConfigurationPlatforms) = postSolution
		{61DCC5D9-F209-44C9-8CED-9EAA8718F04F}.Debug|Any CPU.ActiveCfg = Debug|Any CPU
		{61DCC5D9-F209-44C9-8CED-9EAA8718F04F}.Debug|Any CPU.Build.0 = Debug|Any CPU
		{61DCC5D9-F209-44C9-8CED-9EAA8718F04F}.Release|Any CPU.ActiveCfg = Release|Any CPU
		{61DCC5D9-F209-44C9-8CED-9EAA8718F04F}.Release|Any CPU.Build.0 = Release|Any CPU
	EndGlobalSection
	GlobalSection(SolutionProperties) = preSolution
		HideSolutionNode = FALSE
	EndGlobalSection
	GlobalSection(ExtensibilityGlobals) = postSolution
		SolutionGuid = {1B7F202C-2D0E-4631-9FCB-01DE51B3C80F}
	EndGlobalSection
EndGlobal
